// !$*UTF8*$!
{
	archiveVersion = 1;
	classes = {
	};
	objectVersion = 50;
	objects = {

/* Begin PBXBuildFile section */
		2C70CCCC264E75E9001BC909 /* AppDelegate.swift in Sources */ = {isa = PBXBuildFile; fileRef = 2C70CCCB264E75E9001BC909 /* AppDelegate.swift */; };
		2C70CCCE264E75E9001BC909 /* SceneDelegate.swift in Sources */ = {isa = PBXBuildFile; fileRef = 2C70CCCD264E75E9001BC909 /* SceneDelegate.swift */; };
		2C70CCD0264E75E9001BC909 /* ContentView.swift in Sources */ = {isa = PBXBuildFile; fileRef = 2C70CCCF264E75E9001BC909 /* ContentView.swift */; };
		2C70CCD2264E75EA001BC909 /* Assets.xcassets in Resources */ = {isa = PBXBuildFile; fileRef = 2C70CCD1264E75EA001BC909 /* Assets.xcassets */; };
		2C70CCD5264E75EA001BC909 /* Preview Assets.xcassets in Resources */ = {isa = PBXBuildFile; fileRef = 2C70CCD4264E75EA001BC909 /* Preview Assets.xcassets */; };
		2C70CCD8264E75EA001BC909 /* LaunchScreen.storyboard in Resources */ = {isa = PBXBuildFile; fileRef = 2C70CCD6264E75EA001BC909 /* LaunchScreen.storyboard */; };
		2C70CCE3264E75EA001BC909 /* LandmarksTests.swift in Sources */ = {isa = PBXBuildFile; fileRef = 2C70CCE2264E75EA001BC909 /* LandmarksTests.swift */; };
		2C70CCEE264E75EB001BC909 /* LandmarksUITests.swift in Sources */ = {isa = PBXBuildFile; fileRef = 2C70CCED264E75EB001BC909 /* LandmarksUITests.swift */; };
		2C70CCFC264E86AB001BC909 /* CircleImage.swift in Sources */ = {isa = PBXBuildFile; fileRef = 2C70CCFB264E86AB001BC909 /* CircleImage.swift */; };
		2C70CCFE264E8938001BC909 /* MapView.swift in Sources */ = {isa = PBXBuildFile; fileRef = 2C70CCFD264E8938001BC909 /* MapView.swift */; };
		2C70CD00265205EF001BC909 /* landmarkData.json in Resources */ = {isa = PBXBuildFile; fileRef = 2C70CCFF265205EF001BC909 /* landmarkData.json */; };
		2C70CD022652061C001BC909 /* Landmark.swift in Sources */ = {isa = PBXBuildFile; fileRef = 2C70CD012652061C001BC909 /* Landmark.swift */; };
		2C70CD0426520A92001BC909 /* ModelData.swift in Sources */ = {isa = PBXBuildFile; fileRef = 2C70CD0326520A92001BC909 /* ModelData.swift */; };
		2C70CD0B26520D52001BC909 /* LandmarkRow.swift in Sources */ = {isa = PBXBuildFile; fileRef = 2C70CD0A26520D52001BC909 /* LandmarkRow.swift */; };
		2C70CD0D2652124C001BC909 /* LandmarkList.swift in Sources */ = {isa = PBXBuildFile; fileRef = 2C70CD0C2652124C001BC909 /* LandmarkList.swift */; };
		2C70CD0F26521611001BC909 /* LandmarkDetail.swift in Sources */ = {isa = PBXBuildFile; fileRef = 2C70CD0E26521611001BC909 /* LandmarkDetail.swift */; };
		2C70CD11265269E0001BC909 /* FavoriteButton.swift in Sources */ = {isa = PBXBuildFile; fileRef = 2C70CD10265269E0001BC909 /* FavoriteButton.swift */; };
		2C70CD172652736E001BC909 /* HexagonParameters.swift in Sources */ = {isa = PBXBuildFile; fileRef = 2C70CD162652736E001BC909 /* HexagonParameters.swift */; };
		2C70CD1926527499001BC909 /* BadgeBackground.swift in Sources */ = {isa = PBXBuildFile; fileRef = 2C70CD1826527499001BC909 /* BadgeBackground.swift */; };
		2C70CD1B2652792A001BC909 /* BadgeSymbol.swift in Sources */ = {isa = PBXBuildFile; fileRef = 2C70CD1A2652792A001BC909 /* BadgeSymbol.swift */; };
		2C70CD1D265279E2001BC909 /* RotatedBadgeSymbol.swift in Sources */ = {isa = PBXBuildFile; fileRef = 2C70CD1C265279E2001BC909 /* RotatedBadgeSymbol.swift */; };
		2C70CD1F26527A70001BC909 /* Badge.swift in Sources */ = {isa = PBXBuildFile; fileRef = 2C70CD1E26527A70001BC909 /* Badge.swift */; };
		2C70CD2226535C95001BC909 /* hikeData.json in Resources */ = {isa = PBXBuildFile; fileRef = 2C70CD2126535C95001BC909 /* hikeData.json */; };
		2C70CD2426535CBD001BC909 /* Hike.swift in Sources */ = {isa = PBXBuildFile; fileRef = 2C70CD2326535CBD001BC909 /* Hike.swift */; };
		2C70CD2A2653691B001BC909 /* GraphCapsule.swift in Sources */ = {isa = PBXBuildFile; fileRef = 2C70CD262653691B001BC909 /* GraphCapsule.swift */; };
		2C70CD2B2653691B001BC909 /* HikeGraph.swift in Sources */ = {isa = PBXBuildFile; fileRef = 2C70CD272653691B001BC909 /* HikeGraph.swift */; };
		2C70CD2C2653691B001BC909 /* HikeDetail.swift in Sources */ = {isa = PBXBuildFile; fileRef = 2C70CD282653691B001BC909 /* HikeDetail.swift */; };
		2C70CD2D2653691B001BC909 /* HikeView.swift in Sources */ = {isa = PBXBuildFile; fileRef = 2C70CD292653691B001BC909 /* HikeView.swift */; };
		2C70CD2F265397DA001BC909 /* CategoryHome.swift in Sources */ = {isa = PBXBuildFile; fileRef = 2C70CD2E265397DA001BC909 /* CategoryHome.swift */; };
		2C70CD3126539CE7001BC909 /* CategoryRow.swift in Sources */ = {isa = PBXBuildFile; fileRef = 2C70CD3026539CE7001BC909 /* CategoryRow.swift */; };
		2C70CD332653ABF8001BC909 /* CategoryItem.swift in Sources */ = {isa = PBXBuildFile; fileRef = 2C70CD322653ABF8001BC909 /* CategoryItem.swift */; };
/* End PBXBuildFile section */

/* Begin PBXContainerItemProxy section */
		2C70CCDF264E75EA001BC909 /* PBXContainerItemProxy */ = {
			isa = PBXContainerItemProxy;
			containerPortal = 2C70CCC0264E75E9001BC909 /* Project object */;
			proxyType = 1;
			remoteGlobalIDString = 2C70CCC7264E75E9001BC909;
			remoteInfo = Landmarks;
		};
		2C70CCEA264E75EB001BC909 /* PBXContainerItemProxy */ = {
			isa = PBXContainerItemProxy;
			containerPortal = 2C70CCC0264E75E9001BC909 /* Project object */;
			proxyType = 1;
			remoteGlobalIDString = 2C70CCC7264E75E9001BC909;
			remoteInfo = Landmarks;
		};
/* End PBXContainerItemProxy section */

/* Begin PBXFileReference section */
		2C70CCC8264E75E9001BC909 /* Landmarks.app */ = {isa = PBXFileReference; explicitFileType = wrapper.application; includeInIndex = 0; path = Landmarks.app; sourceTree = BUILT_PRODUCTS_DIR; };
		2C70CCCB264E75E9001BC909 /* AppDelegate.swift */ = {isa = PBXFileReference; lastKnownFileType = sourcecode.swift; path = AppDelegate.swift; sourceTree = "<group>"; };
		2C70CCCD264E75E9001BC909 /* SceneDelegate.swift */ = {isa = PBXFileReference; lastKnownFileType = sourcecode.swift; path = SceneDelegate.swift; sourceTree = "<group>"; };
		2C70CCCF264E75E9001BC909 /* ContentView.swift */ = {isa = PBXFileReference; lastKnownFileType = sourcecode.swift; path = ContentView.swift; sourceTree = "<group>"; };
		2C70CCD1264E75EA001BC909 /* Assets.xcassets */ = {isa = PBXFileReference; lastKnownFileType = folder.assetcatalog; path = Assets.xcassets; sourceTree = "<group>"; };
		2C70CCD4264E75EA001BC909 /* Preview Assets.xcassets */ = {isa = PBXFileReference; lastKnownFileType = folder.assetcatalog; path = "Preview Assets.xcassets"; sourceTree = "<group>"; };
		2C70CCD7264E75EA001BC909 /* Base */ = {isa = PBXFileReference; lastKnownFileType = file.storyboard; name = Base; path = Base.lproj/LaunchScreen.storyboard; sourceTree = "<group>"; };
		2C70CCD9264E75EA001BC909 /* Info.plist */ = {isa = PBXFileReference; lastKnownFileType = text.plist.xml; path = Info.plist; sourceTree = "<group>"; };
		2C70CCDE264E75EA001BC909 /* LandmarksTests.xctest */ = {isa = PBXFileReference; explicitFileType = wrapper.cfbundle; includeInIndex = 0; path = LandmarksTests.xctest; sourceTree = BUILT_PRODUCTS_DIR; };
		2C70CCE2264E75EA001BC909 /* LandmarksTests.swift */ = {isa = PBXFileReference; lastKnownFileType = sourcecode.swift; path = LandmarksTests.swift; sourceTree = "<group>"; };
		2C70CCE4264E75EA001BC909 /* Info.plist */ = {isa = PBXFileReference; lastKnownFileType = text.plist.xml; path = Info.plist; sourceTree = "<group>"; };
		2C70CCE9264E75EB001BC909 /* LandmarksUITests.xctest */ = {isa = PBXFileReference; explicitFileType = wrapper.cfbundle; includeInIndex = 0; path = LandmarksUITests.xctest; sourceTree = BUILT_PRODUCTS_DIR; };
		2C70CCED264E75EB001BC909 /* LandmarksUITests.swift */ = {isa = PBXFileReference; lastKnownFileType = sourcecode.swift; path = LandmarksUITests.swift; sourceTree = "<group>"; };
		2C70CCEF264E75EB001BC909 /* Info.plist */ = {isa = PBXFileReference; lastKnownFileType = text.plist.xml; path = Info.plist; sourceTree = "<group>"; };
		2C70CCFB264E86AB001BC909 /* CircleImage.swift */ = {isa = PBXFileReference; lastKnownFileType = sourcecode.swift; path = CircleImage.swift; sourceTree = "<group>"; };
		2C70CCFD264E8938001BC909 /* MapView.swift */ = {isa = PBXFileReference; lastKnownFileType = sourcecode.swift; path = MapView.swift; sourceTree = "<group>"; };
		2C70CCFF265205EF001BC909 /* landmarkData.json */ = {isa = PBXFileReference; fileEncoding = 4; lastKnownFileType = text.json; path = landmarkData.json; sourceTree = "<group>"; };
		2C70CD012652061C001BC909 /* Landmark.swift */ = {isa = PBXFileReference; lastKnownFileType = sourcecode.swift; path = Landmark.swift; sourceTree = "<group>"; };
		2C70CD0326520A92001BC909 /* ModelData.swift */ = {isa = PBXFileReference; lastKnownFileType = sourcecode.swift; path = ModelData.swift; sourceTree = "<group>"; };
		2C70CD0A26520D52001BC909 /* LandmarkRow.swift */ = {isa = PBXFileReference; lastKnownFileType = sourcecode.swift; path = LandmarkRow.swift; sourceTree = "<group>"; };
		2C70CD0C2652124C001BC909 /* LandmarkList.swift */ = {isa = PBXFileReference; lastKnownFileType = sourcecode.swift; path = LandmarkList.swift; sourceTree = "<group>"; };
		2C70CD0E26521611001BC909 /* LandmarkDetail.swift */ = {isa = PBXFileReference; lastKnownFileType = sourcecode.swift; path = LandmarkDetail.swift; sourceTree = "<group>"; };
		2C70CD10265269E0001BC909 /* FavoriteButton.swift */ = {isa = PBXFileReference; lastKnownFileType = sourcecode.swift; path = FavoriteButton.swift; sourceTree = "<group>"; };
		2C70CD162652736E001BC909 /* HexagonParameters.swift */ = {isa = PBXFileReference; lastKnownFileType = sourcecode.swift; path = HexagonParameters.swift; sourceTree = "<group>"; };
		2C70CD1826527499001BC909 /* BadgeBackground.swift */ = {isa = PBXFileReference; lastKnownFileType = sourcecode.swift; path = BadgeBackground.swift; sourceTree = "<group>"; };
		2C70CD1A2652792A001BC909 /* BadgeSymbol.swift */ = {isa = PBXFileReference; lastKnownFileType = sourcecode.swift; path = BadgeSymbol.swift; sourceTree = "<group>"; };
		2C70CD1C265279E2001BC909 /* RotatedBadgeSymbol.swift */ = {isa = PBXFileReference; lastKnownFileType = sourcecode.swift; path = RotatedBadgeSymbol.swift; sourceTree = "<group>"; };
		2C70CD1E26527A70001BC909 /* Badge.swift */ = {isa = PBXFileReference; lastKnownFileType = sourcecode.swift; path = Badge.swift; sourceTree = "<group>"; };
		2C70CD2126535C95001BC909 /* hikeData.json */ = {isa = PBXFileReference; fileEncoding = 4; lastKnownFileType = text.json; path = hikeData.json; sourceTree = "<group>"; };
		2C70CD2326535CBD001BC909 /* Hike.swift */ = {isa = PBXFileReference; lastKnownFileType = sourcecode.swift; path = Hike.swift; sourceTree = "<group>"; };
		2C70CD262653691B001BC909 /* GraphCapsule.swift */ = {isa = PBXFileReference; fileEncoding = 4; lastKnownFileType = sourcecode.swift; path = GraphCapsule.swift; sourceTree = "<group>"; };
		2C70CD272653691B001BC909 /* HikeGraph.swift */ = {isa = PBXFileReference; fileEncoding = 4; lastKnownFileType = sourcecode.swift; path = HikeGraph.swift; sourceTree = "<group>"; };
		2C70CD282653691B001BC909 /* HikeDetail.swift */ = {isa = PBXFileReference; fileEncoding = 4; lastKnownFileType = sourcecode.swift; path = HikeDetail.swift; sourceTree = "<group>"; };
		2C70CD292653691B001BC909 /* HikeView.swift */ = {isa = PBXFileReference; fileEncoding = 4; lastKnownFileType = sourcecode.swift; path = HikeView.swift; sourceTree = "<group>"; };
		2C70CD2E265397DA001BC909 /* CategoryHome.swift */ = {isa = PBXFileReference; lastKnownFileType = sourcecode.swift; path = CategoryHome.swift; sourceTree = "<group>"; };
		2C70CD3026539CE7001BC909 /* CategoryRow.swift */ = {isa = PBXFileReference; lastKnownFileType = sourcecode.swift; path = CategoryRow.swift; sourceTree = "<group>"; };
		2C70CD322653ABF8001BC909 /* CategoryItem.swift */ = {isa = PBXFileReference; lastKnownFileType = sourcecode.swift; path = CategoryItem.swift; sourceTree = "<group>"; };
/* End PBXFileReference section */

/* Begin PBXFrameworksBuildPhase section */
		2C70CCC5264E75E9001BC909 /* Frameworks */ = {
			isa = PBXFrameworksBuildPhase;
			buildActionMask = 2147483647;
			files = (
			);
			runOnlyForDeploymentPostprocessing = 0;
		};
		2C70CCDB264E75EA001BC909 /* Frameworks */ = {
			isa = PBXFrameworksBuildPhase;
			buildActionMask = 2147483647;
			files = (
			);
			runOnlyForDeploymentPostprocessing = 0;
		};
		2C70CCE6264E75EB001BC909 /* Frameworks */ = {
			isa = PBXFrameworksBuildPhase;
			buildActionMask = 2147483647;
			files = (
			);
			runOnlyForDeploymentPostprocessing = 0;
		};
/* End PBXFrameworksBuildPhase section */

/* Begin PBXGroup section */
		2C70CCBF264E75E9001BC909 = {
			isa = PBXGroup;
			children = (
				2C70CCCA264E75E9001BC909 /* Landmarks */,
				2C70CCE1264E75EA001BC909 /* LandmarksTests */,
				2C70CCEC264E75EB001BC909 /* LandmarksUITests */,
				2C70CCC9264E75E9001BC909 /* Products */,
			);
			sourceTree = "<group>";
		};
		2C70CCC9264E75E9001BC909 /* Products */ = {
			isa = PBXGroup;
			children = (
				2C70CCC8264E75E9001BC909 /* Landmarks.app */,
				2C70CCDE264E75EA001BC909 /* LandmarksTests.xctest */,
				2C70CCE9264E75EB001BC909 /* LandmarksUITests.xctest */,
			);
			name = Products;
			sourceTree = "<group>";
		};
		2C70CCCA264E75E9001BC909 /* Landmarks */ = {
			isa = PBXGroup;
			children = (
				2C70CD252653691B001BC909 /* Hikes */,
				2C70CD2026535AC0001BC909 /* Badge */,
				2C70CD0726520CD0001BC909 /* Resources */,
				2C70CD0626520CCA001BC909 /* Models */,
				2C70CD0526520CC0001BC909 /* Views */,
				2C70CCCB264E75E9001BC909 /* AppDelegate.swift */,
				2C70CCCD264E75E9001BC909 /* SceneDelegate.swift */,
				2C70CCD1264E75EA001BC909 /* Assets.xcassets */,
				2C70CCD6264E75EA001BC909 /* LaunchScreen.storyboard */,
				2C70CCD9264E75EA001BC909 /* Info.plist */,
				2C70CCD3264E75EA001BC909 /* Preview Content */,
				2C70CD2E265397DA001BC909 /* CategoryHome.swift */,
				2C70CD3026539CE7001BC909 /* CategoryRow.swift */,
				2C70CD322653ABF8001BC909 /* CategoryItem.swift */,
			);
			path = Landmarks;
			sourceTree = "<group>";
		};
		2C70CCD3264E75EA001BC909 /* Preview Content */ = {
			isa = PBXGroup;
			children = (
				2C70CCD4264E75EA001BC909 /* Preview Assets.xcassets */,
			);
			path = "Preview Content";
			sourceTree = "<group>";
		};
		2C70CCE1264E75EA001BC909 /* LandmarksTests */ = {
			isa = PBXGroup;
			children = (
				2C70CCE2264E75EA001BC909 /* LandmarksTests.swift */,
				2C70CCE4264E75EA001BC909 /* Info.plist */,
			);
			path = LandmarksTests;
			sourceTree = "<group>";
		};
		2C70CCEC264E75EB001BC909 /* LandmarksUITests */ = {
			isa = PBXGroup;
			children = (
				2C70CCED264E75EB001BC909 /* LandmarksUITests.swift */,
				2C70CCEF264E75EB001BC909 /* Info.plist */,
			);
			path = LandmarksUITests;
			sourceTree = "<group>";
		};
		2C70CD0526520CC0001BC909 /* Views */ = {
			isa = PBXGroup;
			children = (
				2C70CD1326526ADF001BC909 /* Helpers */,
				2C70CD1226526AC9001BC909 /* Landmarks */,
				2C70CCCF264E75E9001BC909 /* ContentView.swift */,
			);
			path = Views;
			sourceTree = "<group>";
		};
		2C70CD0626520CCA001BC909 /* Models */ = {
			isa = PBXGroup;
			children = (
				2C70CD012652061C001BC909 /* Landmark.swift */,
				2C70CD0326520A92001BC909 /* ModelData.swift */,
			);
			path = Models;
			sourceTree = "<group>";
		};
		2C70CD0726520CD0001BC909 /* Resources */ = {
			isa = PBXGroup;
			children = (
				2C70CD2126535C95001BC909 /* hikeData.json */,
				2C70CCFF265205EF001BC909 /* landmarkData.json */,
			);
			path = Resources;
			sourceTree = "<group>";
		};
		2C70CD1226526AC9001BC909 /* Landmarks */ = {
			isa = PBXGroup;
			children = (
				2C70CD0A26520D52001BC909 /* LandmarkRow.swift */,
				2C70CD0C2652124C001BC909 /* LandmarkList.swift */,
				2C70CD0E26521611001BC909 /* LandmarkDetail.swift */,
			);
			path = Landmarks;
			sourceTree = "<group>";
		};
		2C70CD1326526ADF001BC909 /* Helpers */ = {
			isa = PBXGroup;
			children = (
				2C70CCFB264E86AB001BC909 /* CircleImage.swift */,
				2C70CCFD264E8938001BC909 /* MapView.swift */,
				2C70CD10265269E0001BC909 /* FavoriteButton.swift */,
			);
			path = Helpers;
			sourceTree = "<group>";
		};
		2C70CD2026535AC0001BC909 /* Badge */ = {
			isa = PBXGroup;
			children = (
				2C70CD162652736E001BC909 /* HexagonParameters.swift */,
				2C70CD1826527499001BC909 /* BadgeBackground.swift */,
				2C70CD1A2652792A001BC909 /* BadgeSymbol.swift */,
				2C70CD1C265279E2001BC909 /* RotatedBadgeSymbol.swift */,
				2C70CD1E26527A70001BC909 /* Badge.swift */,
			);
			path = Badge;
			sourceTree = "<group>";
		};
		2C70CD252653691B001BC909 /* Hikes */ = {
			isa = PBXGroup;
			children = (
				2C70CD2326535CBD001BC909 /* Hike.swift */,
				2C70CD262653691B001BC909 /* GraphCapsule.swift */,
				2C70CD272653691B001BC909 /* HikeGraph.swift */,
				2C70CD282653691B001BC909 /* HikeDetail.swift */,
				2C70CD292653691B001BC909 /* HikeView.swift */,
			);
			path = Hikes;
			sourceTree = "<group>";
		};
/* End PBXGroup section */

/* Begin PBXNativeTarget section */
		2C70CCC7264E75E9001BC909 /* Landmarks */ = {
			isa = PBXNativeTarget;
			buildConfigurationList = 2C70CCF2264E75EB001BC909 /* Build configuration list for PBXNativeTarget "Landmarks" */;
			buildPhases = (
				2C70CCC4264E75E9001BC909 /* Sources */,
				2C70CCC5264E75E9001BC909 /* Frameworks */,
				2C70CCC6264E75E9001BC909 /* Resources */,
			);
			buildRules = (
			);
			dependencies = (
			);
			name = Landmarks;
			productName = Landmarks;
			productReference = 2C70CCC8264E75E9001BC909 /* Landmarks.app */;
			productType = "com.apple.product-type.application";
		};
		2C70CCDD264E75EA001BC909 /* LandmarksTests */ = {
			isa = PBXNativeTarget;
			buildConfigurationList = 2C70CCF5264E75EB001BC909 /* Build configuration list for PBXNativeTarget "LandmarksTests" */;
			buildPhases = (
				2C70CCDA264E75EA001BC909 /* Sources */,
				2C70CCDB264E75EA001BC909 /* Frameworks */,
				2C70CCDC264E75EA001BC909 /* Resources */,
			);
			buildRules = (
			);
			dependencies = (
				2C70CCE0264E75EA001BC909 /* PBXTargetDependency */,
			);
			name = LandmarksTests;
			productName = LandmarksTests;
			productReference = 2C70CCDE264E75EA001BC909 /* LandmarksTests.xctest */;
			productType = "com.apple.product-type.bundle.unit-test";
		};
		2C70CCE8264E75EB001BC909 /* LandmarksUITests */ = {
			isa = PBXNativeTarget;
			buildConfigurationList = 2C70CCF8264E75EB001BC909 /* Build configuration list for PBXNativeTarget "LandmarksUITests" */;
			buildPhases = (
				2C70CCE5264E75EB001BC909 /* Sources */,
				2C70CCE6264E75EB001BC909 /* Frameworks */,
				2C70CCE7264E75EB001BC909 /* Resources */,
			);
			buildRules = (
			);
			dependencies = (
				2C70CCEB264E75EB001BC909 /* PBXTargetDependency */,
			);
			name = LandmarksUITests;
			productName = LandmarksUITests;
			productReference = 2C70CCE9264E75EB001BC909 /* LandmarksUITests.xctest */;
			productType = "com.apple.product-type.bundle.ui-testing";
		};
/* End PBXNativeTarget section */

/* Begin PBXProject section */
		2C70CCC0264E75E9001BC909 /* Project object */ = {
			isa = PBXProject;
			attributes = {
				LastSwiftUpdateCheck = 1250;
				LastUpgradeCheck = 1250;
				TargetAttributes = {
					2C70CCC7264E75E9001BC909 = {
						CreatedOnToolsVersion = 12.5;
					};
					2C70CCDD264E75EA001BC909 = {
						CreatedOnToolsVersion = 12.5;
						TestTargetID = 2C70CCC7264E75E9001BC909;
					};
					2C70CCE8264E75EB001BC909 = {
						CreatedOnToolsVersion = 12.5;
						TestTargetID = 2C70CCC7264E75E9001BC909;
					};
				};
			};
			buildConfigurationList = 2C70CCC3264E75E9001BC909 /* Build configuration list for PBXProject "Landmarks" */;
			compatibilityVersion = "Xcode 9.3";
			developmentRegion = en;
			hasScannedForEncodings = 0;
			knownRegions = (
				en,
				Base,
			);
			mainGroup = 2C70CCBF264E75E9001BC909;
			productRefGroup = 2C70CCC9264E75E9001BC909 /* Products */;
			projectDirPath = "";
			projectRoot = "";
			targets = (
				2C70CCC7264E75E9001BC909 /* Landmarks */,
				2C70CCDD264E75EA001BC909 /* LandmarksTests */,
				2C70CCE8264E75EB001BC909 /* LandmarksUITests */,
			);
		};
/* End PBXProject section */

/* Begin PBXResourcesBuildPhase section */
		2C70CCC6264E75E9001BC909 /* Resources */ = {
			isa = PBXResourcesBuildPhase;
			buildActionMask = 2147483647;
			files = (
				2C70CCD8264E75EA001BC909 /* LaunchScreen.storyboard in Resources */,
				2C70CD00265205EF001BC909 /* landmarkData.json in Resources */,
				2C70CCD5264E75EA001BC909 /* Preview Assets.xcassets in Resources */,
				2C70CCD2264E75EA001BC909 /* Assets.xcassets in Resources */,
				2C70CD2226535C95001BC909 /* hikeData.json in Resources */,
			);
			runOnlyForDeploymentPostprocessing = 0;
		};
		2C70CCDC264E75EA001BC909 /* Resources */ = {
			isa = PBXResourcesBuildPhase;
			buildActionMask = 2147483647;
			files = (
			);
			runOnlyForDeploymentPostprocessing = 0;
		};
		2C70CCE7264E75EB001BC909 /* Resources */ = {
			isa = PBXResourcesBuildPhase;
			buildActionMask = 2147483647;
			files = (
			);
			runOnlyForDeploymentPostprocessing = 0;
		};
/* End PBXResourcesBuildPhase section */

/* Begin PBXSourcesBuildPhase section */
		2C70CCC4264E75E9001BC909 /* Sources */ = {
			isa = PBXSourcesBuildPhase;
			buildActionMask = 2147483647;
			files = (
				2C70CD2426535CBD001BC909 /* Hike.swift in Sources */,
				2C70CD172652736E001BC909 /* HexagonParameters.swift in Sources */,
				2C70CCCC264E75E9001BC909 /* AppDelegate.swift in Sources */,
				2C70CCFC264E86AB001BC909 /* CircleImage.swift in Sources */,
				2C70CD2F265397DA001BC909 /* CategoryHome.swift in Sources */,
				2C70CD2B2653691B001BC909 /* HikeGraph.swift in Sources */,
				2C70CD3126539CE7001BC909 /* CategoryRow.swift in Sources */,
				2C70CCFE264E8938001BC909 /* MapView.swift in Sources */,
				2C70CCCE264E75E9001BC909 /* SceneDelegate.swift in Sources */,
				2C70CD0D2652124C001BC909 /* LandmarkList.swift in Sources */,
				2C70CD332653ABF8001BC909 /* CategoryItem.swift in Sources */,
				2C70CCD0264E75E9001BC909 /* ContentView.swift in Sources */,
				2C70CD1B2652792A001BC909 /* BadgeSymbol.swift in Sources */,
				2C70CD1D265279E2001BC909 /* RotatedBadgeSymbol.swift in Sources */,
				2C70CD1F26527A70001BC909 /* Badge.swift in Sources */,
				2C70CD022652061C001BC909 /* Landmark.swift in Sources */,
				2C70CD1926527499001BC909 /* BadgeBackground.swift in Sources */,
				2C70CD0B26520D52001BC909 /* LandmarkRow.swift in Sources */,
				2C70CD2A2653691B001BC909 /* GraphCapsule.swift in Sources */,
				2C70CD2D2653691B001BC909 /* HikeView.swift in Sources */,
				2C70CD0F26521611001BC909 /* LandmarkDetail.swift in Sources */,
				2C70CD11265269E0001BC909 /* FavoriteButton.swift in Sources */,
				2C70CD0426520A92001BC909 /* ModelData.swift in Sources */,
				2C70CD2C2653691B001BC909 /* HikeDetail.swift in Sources */,
			);
			runOnlyForDeploymentPostprocessing = 0;
		};
		2C70CCDA264E75EA001BC909 /* Sources */ = {
			isa = PBXSourcesBuildPhase;
			buildActionMask = 2147483647;
			files = (
				2C70CCE3264E75EA001BC909 /* LandmarksTests.swift in Sources */,
			);
			runOnlyForDeploymentPostprocessing = 0;
		};
		2C70CCE5264E75EB001BC909 /* Sources */ = {
			isa = PBXSourcesBuildPhase;
			buildActionMask = 2147483647;
			files = (
				2C70CCEE264E75EB001BC909 /* LandmarksUITests.swift in Sources */,
			);
			runOnlyForDeploymentPostprocessing = 0;
		};
/* End PBXSourcesBuildPhase section */

/* Begin PBXTargetDependency section */
		2C70CCE0264E75EA001BC909 /* PBXTargetDependency */ = {
			isa = PBXTargetDependency;
			target = 2C70CCC7264E75E9001BC909 /* Landmarks */;
			targetProxy = 2C70CCDF264E75EA001BC909 /* PBXContainerItemProxy */;
		};
		2C70CCEB264E75EB001BC909 /* PBXTargetDependency */ = {
			isa = PBXTargetDependency;
			target = 2C70CCC7264E75E9001BC909 /* Landmarks */;
			targetProxy = 2C70CCEA264E75EB001BC909 /* PBXContainerItemProxy */;
		};
/* End PBXTargetDependency section */

/* Begin PBXVariantGroup section */
		2C70CCD6264E75EA001BC909 /* LaunchScreen.storyboard */ = {
			isa = PBXVariantGroup;
			children = (
				2C70CCD7264E75EA001BC909 /* Base */,
			);
			name = LaunchScreen.storyboard;
			sourceTree = "<group>";
		};
/* End PBXVariantGroup section */

/* Begin XCBuildConfiguration section */
		2C70CCF0264E75EB001BC909 /* Debug */ = {
			isa = XCBuildConfiguration;
			buildSettings = {
				ALWAYS_SEARCH_USER_PATHS = NO;
				CLANG_ANALYZER_NONNULL = YES;
				CLANG_ANALYZER_NUMBER_OBJECT_CONVERSION = YES_AGGRESSIVE;
				CLANG_CXX_LANGUAGE_STANDARD = "gnu++14";
				CLANG_CXX_LIBRARY = "libc++";
				CLANG_ENABLE_MODULES = YES;
				CLANG_ENABLE_OBJC_ARC = YES;
				CLANG_ENABLE_OBJC_WEAK = YES;
				CLANG_WARN_BLOCK_CAPTURE_AUTORELEASING = YES;
				CLANG_WARN_BOOL_CONVERSION = YES;
				CLANG_WARN_COMMA = YES;
				CLANG_WARN_CONSTANT_CONVERSION = YES;
				CLANG_WARN_DEPRECATED_OBJC_IMPLEMENTATIONS = YES;
				CLANG_WARN_DIRECT_OBJC_ISA_USAGE = YES_ERROR;
				CLANG_WARN_DOCUMENTATION_COMMENTS = YES;
				CLANG_WARN_EMPTY_BODY = YES;
				CLANG_WARN_ENUM_CONVERSION = YES;
				CLANG_WARN_INFINITE_RECURSION = YES;
				CLANG_WARN_INT_CONVERSION = YES;
				CLANG_WARN_NON_LITERAL_NULL_CONVERSION = YES;
				CLANG_WARN_OBJC_IMPLICIT_RETAIN_SELF = YES;
				CLANG_WARN_OBJC_LITERAL_CONVERSION = YES;
				CLANG_WARN_OBJC_ROOT_CLASS = YES_ERROR;
				CLANG_WARN_QUOTED_INCLUDE_IN_FRAMEWORK_HEADER = YES;
				CLANG_WARN_RANGE_LOOP_ANALYSIS = YES;
				CLANG_WARN_STRICT_PROTOTYPES = YES;
				CLANG_WARN_SUSPICIOUS_MOVE = YES;
				CLANG_WARN_UNGUARDED_AVAILABILITY = YES_AGGRESSIVE;
				CLANG_WARN_UNREACHABLE_CODE = YES;
				CLANG_WARN__DUPLICATE_METHOD_MATCH = YES;
				COPY_PHASE_STRIP = NO;
				DEBUG_INFORMATION_FORMAT = dwarf;
				ENABLE_STRICT_OBJC_MSGSEND = YES;
				ENABLE_TESTABILITY = YES;
				GCC_C_LANGUAGE_STANDARD = gnu11;
				GCC_DYNAMIC_NO_PIC = NO;
				GCC_NO_COMMON_BLOCKS = YES;
				GCC_OPTIMIZATION_LEVEL = 0;
				GCC_PREPROCESSOR_DEFINITIONS = (
					"DEBUG=1",
					"$(inherited)",
				);
				GCC_WARN_64_TO_32_BIT_CONVERSION = YES;
				GCC_WARN_ABOUT_RETURN_TYPE = YES_ERROR;
				GCC_WARN_UNDECLARED_SELECTOR = YES;
				GCC_WARN_UNINITIALIZED_AUTOS = YES_AGGRESSIVE;
				GCC_WARN_UNUSED_FUNCTION = YES;
				GCC_WARN_UNUSED_VARIABLE = YES;
				IPHONEOS_DEPLOYMENT_TARGET = 14.5;
				MTL_ENABLE_DEBUG_INFO = INCLUDE_SOURCE;
				MTL_FAST_MATH = YES;
				ONLY_ACTIVE_ARCH = YES;
				SDKROOT = iphoneos;
				SWIFT_ACTIVE_COMPILATION_CONDITIONS = DEBUG;
				SWIFT_OPTIMIZATION_LEVEL = "-Onone";
			};
			name = Debug;
		};
		2C70CCF1264E75EB001BC909 /* Release */ = {
			isa = XCBuildConfiguration;
			buildSettings = {
				ALWAYS_SEARCH_USER_PATHS = NO;
				CLANG_ANALYZER_NONNULL = YES;
				CLANG_ANALYZER_NUMBER_OBJECT_CONVERSION = YES_AGGRESSIVE;
				CLANG_CXX_LANGUAGE_STANDARD = "gnu++14";
				CLANG_CXX_LIBRARY = "libc++";
				CLANG_ENABLE_MODULES = YES;
				CLANG_ENABLE_OBJC_ARC = YES;
				CLANG_ENABLE_OBJC_WEAK = YES;
				CLANG_WARN_BLOCK_CAPTURE_AUTORELEASING = YES;
				CLANG_WARN_BOOL_CONVERSION = YES;
				CLANG_WARN_COMMA = YES;
				CLANG_WARN_CONSTANT_CONVERSION = YES;
				CLANG_WARN_DEPRECATED_OBJC_IMPLEMENTATIONS = YES;
				CLANG_WARN_DIRECT_OBJC_ISA_USAGE = YES_ERROR;
				CLANG_WARN_DOCUMENTATION_COMMENTS = YES;
				CLANG_WARN_EMPTY_BODY = YES;
				CLANG_WARN_ENUM_CONVERSION = YES;
				CLANG_WARN_INFINITE_RECURSION = YES;
				CLANG_WARN_INT_CONVERSION = YES;
				CLANG_WARN_NON_LITERAL_NULL_CONVERSION = YES;
				CLANG_WARN_OBJC_IMPLICIT_RETAIN_SELF = YES;
				CLANG_WARN_OBJC_LITERAL_CONVERSION = YES;
				CLANG_WARN_OBJC_ROOT_CLASS = YES_ERROR;
				CLANG_WARN_QUOTED_INCLUDE_IN_FRAMEWORK_HEADER = YES;
				CLANG_WARN_RANGE_LOOP_ANALYSIS = YES;
				CLANG_WARN_STRICT_PROTOTYPES = YES;
				CLANG_WARN_SUSPICIOUS_MOVE = YES;
				CLANG_WARN_UNGUARDED_AVAILABILITY = YES_AGGRESSIVE;
				CLANG_WARN_UNREACHABLE_CODE = YES;
				CLANG_WARN__DUPLICATE_METHOD_MATCH = YES;
				COPY_PHASE_STRIP = NO;
				DEBUG_INFORMATION_FORMAT = "dwarf-with-dsym";
				ENABLE_NS_ASSERTIONS = NO;
				ENABLE_STRICT_OBJC_MSGSEND = YES;
				GCC_C_LANGUAGE_STANDARD = gnu11;
				GCC_NO_COMMON_BLOCKS = YES;
				GCC_WARN_64_TO_32_BIT_CONVERSION = YES;
				GCC_WARN_ABOUT_RETURN_TYPE = YES_ERROR;
				GCC_WARN_UNDECLARED_SELECTOR = YES;
				GCC_WARN_UNINITIALIZED_AUTOS = YES_AGGRESSIVE;
				GCC_WARN_UNUSED_FUNCTION = YES;
				GCC_WARN_UNUSED_VARIABLE = YES;
				IPHONEOS_DEPLOYMENT_TARGET = 14.5;
				MTL_ENABLE_DEBUG_INFO = NO;
				MTL_FAST_MATH = YES;
				SDKROOT = iphoneos;
				SWIFT_COMPILATION_MODE = wholemodule;
				SWIFT_OPTIMIZATION_LEVEL = "-O";
				VALIDATE_PRODUCT = YES;
			};
			name = Release;
		};
		2C70CCF3264E75EB001BC909 /* Debug */ = {
			isa = XCBuildConfiguration;
			buildSettings = {
				ASSETCATALOG_COMPILER_APPICON_NAME = AppIcon;
				ASSETCATALOG_COMPILER_GLOBAL_ACCENT_COLOR_NAME = AccentColor;
				CODE_SIGN_STYLE = Automatic;
				DEVELOPMENT_ASSET_PATHS = "\"Landmarks/Preview Content\"";
				DEVELOPMENT_TEAM = V589294N7V;
				ENABLE_PREVIEWS = YES;
				INFOPLIST_FILE = Landmarks/Info.plist;
				LD_RUNPATH_SEARCH_PATHS = (
					"$(inherited)",
					"@executable_path/Frameworks",
				);
				PRODUCT_BUNDLE_IDENTIFIER = adsf.Landmarks;
				PRODUCT_NAME = "$(TARGET_NAME)";
				SWIFT_VERSION = 5.0;
				TARGETED_DEVICE_FAMILY = "1,2";
			};
			name = Debug;
		};
		2C70CCF4264E75EB001BC909 /* Release */ = {
			isa = XCBuildConfiguration;
			buildSettings = {
				ASSETCATALOG_COMPILER_APPICON_NAME = AppIcon;
				ASSETCATALOG_COMPILER_GLOBAL_ACCENT_COLOR_NAME = AccentColor;
				CODE_SIGN_STYLE = Automatic;
				DEVELOPMENT_ASSET_PATHS = "\"Landmarks/Preview Content\"";
				DEVELOPMENT_TEAM = V589294N7V;
				ENABLE_PREVIEWS = YES;
				INFOPLIST_FILE = Landmarks/Info.plist;
				LD_RUNPATH_SEARCH_PATHS = (
					"$(inherited)",
					"@executable_path/Frameworks",
				);
				PRODUCT_BUNDLE_IDENTIFIER = adsf.Landmarks;
				PRODUCT_NAME = "$(TARGET_NAME)";
				SWIFT_VERSION = 5.0;
				TARGETED_DEVICE_FAMILY = "1,2";
			};
			name = Release;
		};
		2C70CCF6264E75EB001BC909 /* Debug */ = {
			isa = XCBuildConfiguration;
			buildSettings = {
				ALWAYS_EMBED_SWIFT_STANDARD_LIBRARIES = YES;
				BUNDLE_LOADER = "$(TEST_HOST)";
				CODE_SIGN_STYLE = Automatic;
				DEVELOPMENT_TEAM = V589294N7V;
				INFOPLIST_FILE = LandmarksTests/Info.plist;
				IPHONEOS_DEPLOYMENT_TARGET = 14.5;
				LD_RUNPATH_SEARCH_PATHS = (
					"$(inherited)",
					"@executable_path/Frameworks",
					"@loader_path/Frameworks",
				);
				PRODUCT_BUNDLE_IDENTIFIER = adsf.LandmarksTests;
				PRODUCT_NAME = "$(TARGET_NAME)";
				SWIFT_VERSION = 5.0;
				TARGETED_DEVICE_FAMILY = "1,2";
				TEST_HOST = "$(BUILT_PRODUCTS_DIR)/Landmarks.app/Landmarks";
			};
			name = Debug;
		};
		2C70CCF7264E75EB001BC909 /* Release */ = {
			isa = XCBuildConfiguration;
			buildSettings = {
				ALWAYS_EMBED_SWIFT_STANDARD_LIBRARIES = YES;
				BUNDLE_LOADER = "$(TEST_HOST)";
				CODE_SIGN_STYLE = Automatic;
				DEVELOPMENT_TEAM = V589294N7V;
				INFOPLIST_FILE = LandmarksTests/Info.plist;
				IPHONEOS_DEPLOYMENT_TARGET = 14.5;
				LD_RUNPATH_SEARCH_PATHS = (
					"$(inherited)",
					"@executable_path/Frameworks",
					"@loader_path/Frameworks",
				);
				PRODUCT_BUNDLE_IDENTIFIER = adsf.LandmarksTests;
				PRODUCT_NAME = "$(TARGET_NAME)";
				SWIFT_VERSION = 5.0;
				TARGETED_DEVICE_FAMILY = "1,2";
				TEST_HOST = "$(BUILT_PRODUCTS_DIR)/Landmarks.app/Landmarks";
			};
			name = Release;
		};
		2C70CCF9264E75EB001BC909 /* Debug */ = {
			isa = XCBuildConfiguration;
			buildSettings = {
				ALWAYS_EMBED_SWIFT_STANDARD_LIBRARIES = YES;
				CODE_SIGN_STYLE = Automatic;
				DEVELOPMENT_TEAM = V589294N7V;
				INFOPLIST_FILE = LandmarksUITests/Info.plist;
				LD_RUNPATH_SEARCH_PATHS = (
					"$(inherited)",
					"@executable_path/Frameworks",
					"@loader_path/Frameworks",
				);
				PRODUCT_BUNDLE_IDENTIFIER = adsf.LandmarksUITests;
				PRODUCT_NAME = "$(TARGET_NAME)";
				SWIFT_VERSION = 5.0;
				TARGETED_DEVICE_FAMILY = "1,2";
				TEST_TARGET_NAME = Landmarks;
			};
			name = Debug;
		};
		2C70CCFA264E75EB001BC909 /* Release */ = {
			isa = XCBuildConfiguration;
			buildSettings = {
				ALWAYS_EMBED_SWIFT_STANDARD_LIBRARIES = YES;
				CODE_SIGN_STYLE = Automatic;
				DEVELOPMENT_TEAM = V589294N7V;
				INFOPLIST_FILE = LandmarksUITests/Info.plist;
				LD_RUNPATH_SEARCH_PATHS = (
					"$(inherited)",
					"@executable_path/Frameworks",
					"@loader_path/Frameworks",
				);
				PRODUCT_BUNDLE_IDENTIFIER = adsf.LandmarksUITests;
				PRODUCT_NAME = "$(TARGET_NAME)";
				SWIFT_VERSION = 5.0;
				TARGETED_DEVICE_FAMILY = "1,2";
				TEST_TARGET_NAME = Landmarks;
			};
			name = Release;
		};
/* End XCBuildConfiguration section */

/* Begin XCConfigurationList section */
		2C70CCC3264E75E9001BC909 /* Build configuration list for PBXProject "Landmarks" */ = {
			isa = XCConfigurationList;
			buildConfigurations = (
				2C70CCF0264E75EB001BC909 /* Debug */,
				2C70CCF1264E75EB001BC909 /* Release */,
			);
			defaultConfigurationIsVisible = 0;
			defaultConfigurationName = Release;
		};
		2C70CCF2264E75EB001BC909 /* Build configuration list for PBXNativeTarget "Landmarks" */ = {
			isa = XCConfigurationList;
			buildConfigurations = (
				2C70CCF3264E75EB001BC909 /* Debug */,
				2C70CCF4264E75EB001BC909 /* Release */,
			);
			defaultConfigurationIsVisible = 0;
			defaultConfigurationName = Release;
		};
		2C70CCF5264E75EB001BC909 /* Build configuration list for PBXNativeTarget "LandmarksTests" */ = {
			isa = XCConfigurationList;
			buildConfigurations = (
				2C70CCF6264E75EB001BC909 /* Debug */,
				2C70CCF7264E75EB001BC909 /* Release */,
			);
			defaultConfigurationIsVisible = 0;
			defaultConfigurationName = Release;
		};
		2C70CCF8264E75EB001BC909 /* Build configuration list for PBXNativeTarget "LandmarksUITests" */ = {
			isa = XCConfigurationList;
			buildConfigurations = (
				2C70CCF9264E75EB001BC909 /* Debug */,
				2C70CCFA264E75EB001BC909 /* Release */,
			);
			defaultConfigurationIsVisible = 0;
			defaultConfigurationName = Release;
		};
/* End XCConfigurationList section */
	};
	rootObject = 2C70CCC0264E75E9001BC909 /* Project object */;
}
